
Microsoft Visual Studio Solution File, Format Version 12.00
# Visual Studio 15
VisualStudioVersion = 15.0.28307.1062
MinimumVisualStudioVersion = 10.0.40219.1
Project("{FAE04EC0-301F-11D3-BF4B-00C04F79EFBC}") = "BotLib", "BotLib\BotLib.csproj", "{52347A08-4110-4C19-9E0A-57504CABD235}"
EndProject
Global
	GlobalSection(SolutionConfigurationPlatforms) = preSolution
		Debug|Any CPU = Debug|Any CPU
		Release|Any CPU = Release|Any CPU
	EndGlobalSection
	GlobalSection(ProjectConfigurationPlatforms) = postSolution
		{52347A08-4110-4C19-9E0A-57504CABD235}.Debug|Any CPU.ActiveCfg = Debug|Any CPU
		{52347A08-4110-4C19-9E0A-57504CABD235}.Debug|Any CPU.Build.0 = Debug|Any CPU
		{52347A08-4110-4C19-9E0A-57504CABD235}.Release|Any CPU.ActiveCfg = Release|Any CPU
		{52347A08-4110-4C19-9E0A-57504CABD235}.Release|Any CPU.Build.0 = Release|Any CPU
	EndGlobalSection
	GlobalSection(SolutionProperties) = preSolution
		HideSolutionNode = FALSE
	EndGlobalSection
	GlobalSection(ExtensibilityGlobals) = postSolution
		SolutionGuid = {30FCFCB5-AA05-46D6-9C6A-6FC71C574E75}
	EndGlobalSection
EndGlobal
