
Microsoft Visual Studio Solution File, Format Version 12.00
# Visual Studio Version 16
VisualStudioVersion = 16.0.29920.165
MinimumVisualStudioVersion = 10.0.40219.1
Project("{9A19103F-16F7-4668-BE54-9A1E7A4F7556}") = "BotLib", "BotLib\BotLib.csproj", "{52347A08-4110-4C19-9E0A-57504CABD235}"
EndProject
Project("{9A19103F-16F7-4668-BE54-9A1E7A4F7556}") = "TestConsoleApp", "TestConsoleApp\TestConsoleApp.csproj", "{B8DB9634-A993-47AB-B4F3-5D71A7238374}"
EndProject
Global
	GlobalSection(SolutionConfigurationPlatforms) = preSolution
		Debug|Any CPU = Debug|Any CPU
		Release|Any CPU = Release|Any CPU
	EndGlobalSection
	GlobalSection(ProjectConfigurationPlatforms) = postSolution
		{52347A08-4110-4C19-9E0A-57504CABD235}.Debug|Any CPU.ActiveCfg = Debug|Any CPU
		{52347A08-4110-4C19-9E0A-57504CABD235}.Debug|Any CPU.Build.0 = Debug|Any CPU
		{52347A08-4110-4C19-9E0A-57504CABD235}.Release|Any CPU.ActiveCfg = Release|Any CPU
		{52347A08-4110-4C19-9E0A-57504CABD235}.Release|Any CPU.Build.0 = Release|Any CPU
		{B8DB9634-A993-47AB-B4F3-5D71A7238374}.Debug|Any CPU.ActiveCfg = Debug|Any CPU
		{B8DB9634-A993-47AB-B4F3-5D71A7238374}.Debug|Any CPU.Build.0 = Debug|Any CPU
		{B8DB9634-A993-47AB-B4F3-5D71A7238374}.Release|Any CPU.ActiveCfg = Release|Any CPU
	EndGlobalSection
	GlobalSection(SolutionProperties) = preSolution
		HideSolutionNode = FALSE
	EndGlobalSection
	GlobalSection(ExtensibilityGlobals) = postSolution
		SolutionGuid = {30FCFCB5-AA05-46D6-9C6A-6FC71C574E75}
	EndGlobalSection
EndGlobal
